
Microsoft Visual Studio Solution File, Format Version 12.00
# Visual Studio Version 17
VisualStudioVersion = 17.3.32819.101
MinimumVisualStudioVersion = 10.0.40219.1
Project("{FAE04EC0-301F-11D3-BF4B-00C04F79EFBC}") = "API-autores", "API-autores\API-autores.csproj", "{80BB97E8-2EE5-4697-B7BA-00778148BFF2}"
EndProject
Global
	GlobalSection(SolutionConfigurationPlatforms) = preSolution
		Debug|Any CPU = Debug|Any CPU
		Release|Any CPU = Release|Any CPU
	EndGlobalSection
	GlobalSection(ProjectConfigurationPlatforms) = postSolution
		{80BB97E8-2EE5-4697-B7BA-00778148BFF2}.Debug|Any CPU.ActiveCfg = Debug|Any CPU
		{80BB97E8-2EE5-4697-B7BA-00778148BFF2}.Debug|Any CPU.Build.0 = Debug|Any CPU
		{80BB97E8-2EE5-4697-B7BA-00778148BFF2}.Release|Any CPU.ActiveCfg = Release|Any CPU
		{80BB97E8-2EE5-4697-B7BA-00778148BFF2}.Release|Any CPU.Build.0 = Release|Any CPU
	EndGlobalSection
	GlobalSection(SolutionProperties) = preSolution
		HideSolutionNode = FALSE
	EndGlobalSection
	GlobalSection(ExtensibilityGlobals) = postSolution
		SolutionGuid = {AB4C59C7-F33F-4CBB-A54A-B2B4B76B886D}
	EndGlobalSection
EndGlobal
