
Microsoft Visual Studio Solution File, Format Version 12.00
# Visual Studio Version 17
VisualStudioVersion = 17.3.32819.101
MinimumVisualStudioVersion = 10.0.40219.1
Project("{FAE04EC0-301F-11D3-BF4B-00C04F79EFBC}") = "WebApplication1", "WebApplication1\WebApplication1.csproj", "{13238F8E-1237-4B79-A5F2-B5B0EE128F51}"
EndProject
Global
	GlobalSection(SolutionConfigurationPlatforms) = preSolution
		Debug|Any CPU = Debug|Any CPU
		Release|Any CPU = Release|Any CPU
	EndGlobalSection
	GlobalSection(ProjectConfigurationPlatforms) = postSolution
		{13238F8E-1237-4B79-A5F2-B5B0EE128F51}.Debug|Any CPU.ActiveCfg = Debug|Any CPU
		{13238F8E-1237-4B79-A5F2-B5B0EE128F51}.Debug|Any CPU.Build.0 = Debug|Any CPU
		{13238F8E-1237-4B79-A5F2-B5B0EE128F51}.Release|Any CPU.ActiveCfg = Release|Any CPU
		{13238F8E-1237-4B79-A5F2-B5B0EE128F51}.Release|Any CPU.Build.0 = Release|Any CPU
	EndGlobalSection
	GlobalSection(SolutionProperties) = preSolution
		HideSolutionNode = FALSE
	EndGlobalSection
	GlobalSection(ExtensibilityGlobals) = postSolution
		SolutionGuid = {E5E7E453-EFB7-4179-9972-9EA10CF34F31}
	EndGlobalSection
EndGlobal
